
Microsoft Visual Studio Solution File, Format Version 12.00
# Visual Studio 15
VisualStudioVersion = 15.0.27004.2009
MinimumVisualStudioVersion = 10.0.40219.1
Project("{8BC9CEB8-8B4A-11D0-8D11-00A0C91BC942}") = "DesignPatternPractice", "DesignPatternPractice.vcxproj", "{C285BF86-9E65-4F45-9F58-9FB4FFBF11B4}"
EndProject
Global
	GlobalSection(SolutionConfigurationPlatforms) = preSolution
		Debug|x64 = Debug|x64
		Debug|x86 = Debug|x86
		Release|x64 = Release|x64
		Release|x86 = Release|x86
	EndGlobalSection
	GlobalSection(ProjectConfigurationPlatforms) = postSolution
		{C285BF86-9E65-4F45-9F58-9FB4FFBF11B4}.Debug|x64.ActiveCfg = Debug|x64
		{C285BF86-9E65-4F45-9F58-9FB4FFBF11B4}.Debug|x64.Build.0 = Debug|x64
		{C285BF86-9E65-4F45-9F58-9FB4FFBF11B4}.Debug|x86.ActiveCfg = Debug|Win32
		{C285BF86-9E65-4F45-9F58-9FB4FFBF11B4}.Debug|x86.Build.0 = Debug|Win32
		{C285BF86-9E65-4F45-9F58-9FB4FFBF11B4}.Release|x64.ActiveCfg = Release|x64
		{C285BF86-9E65-4F45-9F58-9FB4FFBF11B4}.Release|x64.Build.0 = Release|x64
		{C285BF86-9E65-4F45-9F58-9FB4FFBF11B4}.Release|x86.ActiveCfg = Release|Win32
		{C285BF86-9E65-4F45-9F58-9FB4FFBF11B4}.Release|x86.Build.0 = Release|Win32
	EndGlobalSection
	GlobalSection(SolutionProperties) = preSolution
		HideSolutionNode = FALSE
	EndGlobalSection
	GlobalSection(ExtensibilityGlobals) = postSolution
		SolutionGuid = {E7711612-DBA4-454F-89BF-CADE41ADDCB7}
	EndGlobalSection
EndGlobal
